
Microsoft Visual Studio Solution File, Format Version 12.00
# Visual Studio 15
VisualStudioVersion = 15.0.27428.1
MinimumVisualStudioVersion = 10.0.40219.1
Project("{FAE04EC0-301F-11D3-BF4B-00C04F79EFBC}") = "CompteBancaireAspNetCore", "CompteBancaireAspNetCore\CompteBancaireAspNetCore.csproj", "{7F3E1758-A2D0-4FBC-84AC-11DF96A86437}"
EndProject
Global
	GlobalSection(SolutionConfigurationPlatforms) = preSolution
		Debug|Any CPU = Debug|Any CPU
		Release|Any CPU = Release|Any CPU
	EndGlobalSection
	GlobalSection(ProjectConfigurationPlatforms) = postSolution
		{7F3E1758-A2D0-4FBC-84AC-11DF96A86437}.Debug|Any CPU.ActiveCfg = Debug|Any CPU
		{7F3E1758-A2D0-4FBC-84AC-11DF96A86437}.Debug|Any CPU.Build.0 = Debug|Any CPU
		{7F3E1758-A2D0-4FBC-84AC-11DF96A86437}.Release|Any CPU.ActiveCfg = Release|Any CPU
		{7F3E1758-A2D0-4FBC-84AC-11DF96A86437}.Release|Any CPU.Build.0 = Release|Any CPU
	EndGlobalSection
	GlobalSection(SolutionProperties) = preSolution
		HideSolutionNode = FALSE
	EndGlobalSection
	GlobalSection(ExtensibilityGlobals) = postSolution
		SolutionGuid = {8ACA5EFF-9A5C-4E82-8A42-06E20B345032}
	EndGlobalSection
EndGlobal
