
Microsoft Visual Studio Solution File, Format Version 12.00
# Visual Studio 15
VisualStudioVersion = 15.0.27428.1
MinimumVisualStudioVersion = 10.0.40219.1
Project("{9A19103F-16F7-4668-BE54-9A1E7A4F7556}") = "compteBancaire", "compteBancaire\compteBancaire.csproj", "{95B2205E-0989-4B2E-9548-FDFD895F56F3}"
EndProject
Project("{9A19103F-16F7-4668-BE54-9A1E7A4F7556}") = "CompteBancaireAdo", "CompteBancaireAdo\CompteBancaireAdo.csproj", "{2CCCC2D2-DB37-4763-9960-9EBA5A1F08C3}"
EndProject
Project("{9A19103F-16F7-4668-BE54-9A1E7A4F7556}") = "CompteBancaireAdoNetDeconnecte", "CompteBancaireAdoNetDeconnecte\CompteBancaireAdoNetDeconnecte.csproj", "{FD97AA8F-375E-46AD-8D15-12242C9C14B1}"
EndProject
Project("{FAE04EC0-301F-11D3-BF4B-00C04F79EFBC}") = "UnitTestCompte", "UnitTestCompte\UnitTestCompte.csproj", "{A63BF453-D664-4641-ADBF-B04598E6414D}"
EndProject
Global
	GlobalSection(SolutionConfigurationPlatforms) = preSolution
		Debug|Any CPU = Debug|Any CPU
		Release|Any CPU = Release|Any CPU
	EndGlobalSection
	GlobalSection(ProjectConfigurationPlatforms) = postSolution
		{95B2205E-0989-4B2E-9548-FDFD895F56F3}.Debug|Any CPU.ActiveCfg = Debug|Any CPU
		{95B2205E-0989-4B2E-9548-FDFD895F56F3}.Debug|Any CPU.Build.0 = Debug|Any CPU
		{95B2205E-0989-4B2E-9548-FDFD895F56F3}.Release|Any CPU.ActiveCfg = Release|Any CPU
		{95B2205E-0989-4B2E-9548-FDFD895F56F3}.Release|Any CPU.Build.0 = Release|Any CPU
		{2CCCC2D2-DB37-4763-9960-9EBA5A1F08C3}.Debug|Any CPU.ActiveCfg = Debug|Any CPU
		{2CCCC2D2-DB37-4763-9960-9EBA5A1F08C3}.Debug|Any CPU.Build.0 = Debug|Any CPU
		{2CCCC2D2-DB37-4763-9960-9EBA5A1F08C3}.Release|Any CPU.ActiveCfg = Release|Any CPU
		{2CCCC2D2-DB37-4763-9960-9EBA5A1F08C3}.Release|Any CPU.Build.0 = Release|Any CPU
		{FD97AA8F-375E-46AD-8D15-12242C9C14B1}.Debug|Any CPU.ActiveCfg = Debug|Any CPU
		{FD97AA8F-375E-46AD-8D15-12242C9C14B1}.Debug|Any CPU.Build.0 = Debug|Any CPU
		{FD97AA8F-375E-46AD-8D15-12242C9C14B1}.Release|Any CPU.ActiveCfg = Release|Any CPU
		{FD97AA8F-375E-46AD-8D15-12242C9C14B1}.Release|Any CPU.Build.0 = Release|Any CPU
		{A63BF453-D664-4641-ADBF-B04598E6414D}.Debug|Any CPU.ActiveCfg = Debug|Any CPU
		{A63BF453-D664-4641-ADBF-B04598E6414D}.Debug|Any CPU.Build.0 = Debug|Any CPU
		{A63BF453-D664-4641-ADBF-B04598E6414D}.Release|Any CPU.ActiveCfg = Release|Any CPU
		{A63BF453-D664-4641-ADBF-B04598E6414D}.Release|Any CPU.Build.0 = Release|Any CPU
	EndGlobalSection
	GlobalSection(SolutionProperties) = preSolution
		HideSolutionNode = FALSE
	EndGlobalSection
	GlobalSection(ExtensibilityGlobals) = postSolution
		SolutionGuid = {F6C74FBC-858D-4158-8D9C-0425AF6AC804}
	EndGlobalSection
EndGlobal
